
Microsoft Visual Studio Solution File, Format Version 12.00
# Visual Studio Version 17
VisualStudioVersion = 17.9.34607.119
MinimumVisualStudioVersion = 10.0.40219.1
Project("{FAE04EC0-301F-11D3-BF4B-00C04F79EFBC}") = "ClassLibrary1", "ClassLibrary1\ClassLibrary1.csproj", "{B1E29EC3-2770-4E22-8E2F-9009CCDF50E3}"
EndProject
Global
	GlobalSection(SolutionConfigurationPlatforms) = preSolution
		Debug|Any CPU = Debug|Any CPU
		Release|Any CPU = Release|Any CPU
	EndGlobalSection
	GlobalSection(ProjectConfigurationPlatforms) = postSolution
		{B1E29EC3-2770-4E22-8E2F-9009CCDF50E3}.Debug|Any CPU.ActiveCfg = Debug|Any CPU
		{B1E29EC3-2770-4E22-8E2F-9009CCDF50E3}.Debug|Any CPU.Build.0 = Debug|Any CPU
		{B1E29EC3-2770-4E22-8E2F-9009CCDF50E3}.Release|Any CPU.ActiveCfg = Release|Any CPU
		{B1E29EC3-2770-4E22-8E2F-9009CCDF50E3}.Release|Any CPU.Build.0 = Release|Any CPU
	EndGlobalSection
	GlobalSection(SolutionProperties) = preSolution
		HideSolutionNode = FALSE
	EndGlobalSection
	GlobalSection(ExtensibilityGlobals) = postSolution
		SolutionGuid = {BEF5AF6F-1819-4B20-9C12-82C35C0D8D8C}
	EndGlobalSection
EndGlobal
