
Microsoft Visual Studio Solution File, Format Version 12.00
# Visual Studio Version 17
VisualStudioVersion = 17.9.34607.119
MinimumVisualStudioVersion = 10.0.40219.1
Project("{FAE04EC0-301F-11D3-BF4B-00C04F79EFBC}") = "Revit_Agent_GPT_FT", "Revit_Agent_GPT_FT\Revit_Agent_GPT_FT.csproj", "{206B5EAB-E3EC-4598-A73B-885BB2C3C44A}"
EndProject
Global
	GlobalSection(SolutionConfigurationPlatforms) = preSolution
		Debug|Any CPU = Debug|Any CPU
		Release|Any CPU = Release|Any CPU
	EndGlobalSection
	GlobalSection(ProjectConfigurationPlatforms) = postSolution
		{206B5EAB-E3EC-4598-A73B-885BB2C3C44A}.Debug|Any CPU.ActiveCfg = Debug|Any CPU
		{206B5EAB-E3EC-4598-A73B-885BB2C3C44A}.Debug|Any CPU.Build.0 = Debug|Any CPU
		{206B5EAB-E3EC-4598-A73B-885BB2C3C44A}.Release|Any CPU.ActiveCfg = Release|Any CPU
		{206B5EAB-E3EC-4598-A73B-885BB2C3C44A}.Release|Any CPU.Build.0 = Release|Any CPU
	EndGlobalSection
	GlobalSection(SolutionProperties) = preSolution
		HideSolutionNode = FALSE
	EndGlobalSection
	GlobalSection(ExtensibilityGlobals) = postSolution
		SolutionGuid = {409931ED-0430-40BF-9BF5-6C9329E1E525}
	EndGlobalSection
EndGlobal
